// !$*UTF8*$!
{
	archiveVersion = 1;
	classes = {
	};
	objectVersion = 46;
	objects = {

/* Begin PBXBuildFile section */
		64B174A51B9489A9006E1BE6 /* main.m in Sources */ = {isa = PBXBuildFile; fileRef = 64B174A41B9489A9006E1BE6 /* main.m */; };
		64B174A81B9489A9006E1BE6 /* AppDelegate.m in Sources */ = {isa = PBXBuildFile; fileRef = 64B174A71B9489A9006E1BE6 /* AppDelegate.m */; };
		64B174AB1B9489A9006E1BE6 /* ViewController.m in Sources */ = {isa = PBXBuildFile; fileRef = 64B174AA1B9489A9006E1BE6 /* ViewController.m */; };
		64B174AE1B9489A9006E1BE6 /* Main.storyboard in Resources */ = {isa = PBXBuildFile; fileRef = 64B174AC1B9489A9006E1BE6 /* Main.storyboard */; };
		64B174B01B9489A9006E1BE6 /* Images.xcassets in Resources */ = {isa = PBXBuildFile; fileRef = 64B174AF1B9489A9006E1BE6 /* Images.xcassets */; };
		64B174B31B9489A9006E1BE6 /* LaunchScreen.xib in Resources */ = {isa = PBXBuildFile; fileRef = 64B174B11B9489A9006E1BE6 /* LaunchScreen.xib */; };
		64B174BF1B9489A9006E1BE6 /* CircularImageLoderTests.m in Sources */ = {isa = PBXBuildFile; fileRef = 64B174BE1B9489A9006E1BE6 /* CircularImageLoderTests.m */; };
		64B174CA1B9489C4006E1BE6 /* CircularLoaderView.m in Sources */ = {isa = PBXBuildFile; fileRef = 64B174C91B9489C4006E1BE6 /* CircularLoaderView.m */; };
		64B174CD1B94956D006E1BE6 /* CustomImageView.m in Sources */ = {isa = PBXBuildFile; fileRef = 64B174CC1B94956D006E1BE6 /* CustomImageView.m */; };
		64B174CF1B949FB1006E1BE6 /* 001.png in Resources */ = {isa = PBXBuildFile; fileRef = 64B174CE1B949FB1006E1BE6 /* 001.png */; };
		64B174D01B954E6A006E1BE6 /* CircularLoaderView.m in Sources */ = {isa = PBXBuildFile; fileRef = 64B174C91B9489C4006E1BE6 /* CircularLoaderView.m */; };
/* End PBXBuildFile section */

/* Begin PBXContainerItemProxy section */
		64B174B91B9489A9006E1BE6 /* PBXContainerItemProxy */ = {
			isa = PBXContainerItemProxy;
			containerPortal = 64B174971B9489A9006E1BE6 /* Project object */;
			proxyType = 1;
			remoteGlobalIDString = 64B1749E1B9489A9006E1BE6;
			remoteInfo = CircularImageLoder;
		};
/* End PBXContainerItemProxy section */

/* Begin PBXFileReference section */
		64B1749F1B9489A9006E1BE6 /* CircularImageLoder.app */ = {isa = PBXFileReference; explicitFileType = wrapper.application; includeInIndex = 0; path = CircularImageLoder.app; sourceTree = BUILT_PRODUCTS_DIR; };
		64B174A31B9489A9006E1BE6 /* Info.plist */ = {isa = PBXFileReference; lastKnownFileType = text.plist.xml; path = Info.plist; sourceTree = "<group>"; };
		64B174A41B9489A9006E1BE6 /* main.m */ = {isa = PBXFileReference; lastKnownFileType = sourcecode.c.objc; path = main.m; sourceTree = "<group>"; };
		64B174A61B9489A9006E1BE6 /* AppDelegate.h */ = {isa = PBXFileReference; lastKnownFileType = sourcecode.c.h; path = AppDelegate.h; sourceTree = "<group>"; };
		64B174A71B9489A9006E1BE6 /* AppDelegate.m */ = {isa = PBXFileReference; lastKnownFileType = sourcecode.c.objc; path = AppDelegate.m; sourceTree = "<group>"; };
		64B174A91B9489A9006E1BE6 /* ViewController.h */ = {isa = PBXFileReference; lastKnownFileType = sourcecode.c.h; path = ViewController.h; sourceTree = "<group>"; };
		64B174AA1B9489A9006E1BE6 /* ViewController.m */ = {isa = PBXFileReference; lastKnownFileType = sourcecode.c.objc; path = ViewController.m; sourceTree = "<group>"; };
		64B174AD1B9489A9006E1BE6 /* Base */ = {isa = PBXFileReference; lastKnownFileType = file.storyboard; name = Base; path = Base.lproj/Main.storyboard; sourceTree = "<group>"; };
		64B174AF1B9489A9006E1BE6 /* Images.xcassets */ = {isa = PBXFileReference; lastKnownFileType = folder.assetcatalog; path = Images.xcassets; sourceTree = "<group>"; };
		64B174B21B9489A9006E1BE6 /* Base */ = {isa = PBXFileReference; lastKnownFileType = file.xib; name = Base; path = Base.lproj/LaunchScreen.xib; sourceTree = "<group>"; };
		64B174B81B9489A9006E1BE6 /* CircularImageLoderTests.xctest */ = {isa = PBXFileReference; explicitFileType = wrapper.cfbundle; includeInIndex = 0; path = CircularImageLoderTests.xctest; sourceTree = BUILT_PRODUCTS_DIR; };
		64B174BD1B9489A9006E1BE6 /* Info.plist */ = {isa = PBXFileReference; lastKnownFileType = text.plist.xml; path = Info.plist; sourceTree = "<group>"; };
		64B174BE1B9489A9006E1BE6 /* CircularImageLoderTests.m */ = {isa = PBXFileReference; lastKnownFileType = sourcecode.c.objc; path = CircularImageLoderTests.m; sourceTree = "<group>"; };
		64B174C81B9489C4006E1BE6 /* CircularLoaderView.h */ = {isa = PBXFileReference; fileEncoding = 4; lastKnownFileType = sourcecode.c.h; path = CircularLoaderView.h; sourceTree = "<group>"; };
		64B174C91B9489C4006E1BE6 /* CircularLoaderView.m */ = {isa = PBXFileReference; fileEncoding = 4; lastKnownFileType = sourcecode.c.objc; path = CircularLoaderView.m; sourceTree = "<group>"; };
		64B174CB1B94956D006E1BE6 /* CustomImageView.h */ = {isa = PBXFileReference; fileEncoding = 4; lastKnownFileType = sourcecode.c.h; path = CustomImageView.h; sourceTree = "<group>"; };
		64B174CC1B94956D006E1BE6 /* CustomImageView.m */ = {isa = PBXFileReference; fileEncoding = 4; lastKnownFileType = sourcecode.c.objc; path = CustomImageView.m; sourceTree = "<group>"; };
		64B174CE1B949FB1006E1BE6 /* 001.png */ = {isa = PBXFileReference; lastKnownFileType = image.png; path = 001.png; sourceTree = "<group>"; };
/* End PBXFileReference section */

/* Begin PBXFrameworksBuildPhase section */
		64B1749C1B9489A9006E1BE6 /* Frameworks */ = {
			isa = PBXFrameworksBuildPhase;
			buildActionMask = 2147483647;
			files = (
			);
			runOnlyForDeploymentPostprocessing = 0;
		};
		64B174B51B9489A9006E1BE6 /* Frameworks */ = {
			isa = PBXFrameworksBuildPhase;
			buildActionMask = 2147483647;
			files = (
			);
			runOnlyForDeploymentPostprocessing = 0;
		};
/* End PBXFrameworksBuildPhase section */

/* Begin PBXGroup section */
		64B174961B9489A9006E1BE6 = {
			isa = PBXGroup;
			children = (
				64B174A11B9489A9006E1BE6 /* CircularImageLoder */,
				64B174BB1B9489A9006E1BE6 /* CircularImageLoderTests */,
				64B174A01B9489A9006E1BE6 /* Products */,
			);
			sourceTree = "<group>";
		};
		64B174A01B9489A9006E1BE6 /* Products */ = {
			isa = PBXGroup;
			children = (
				64B1749F1B9489A9006E1BE6 /* CircularImageLoder.app */,
				64B174B81B9489A9006E1BE6 /* CircularImageLoderTests.xctest */,
			);
			name = Products;
			sourceTree = "<group>";
		};
		64B174A11B9489A9006E1BE6 /* CircularImageLoder */ = {
			isa = PBXGroup;
			children = (
				64B174D11B955D40006E1BE6 /* circleLoader */,
				64B174A61B9489A9006E1BE6 /* AppDelegate.h */,
				64B174A71B9489A9006E1BE6 /* AppDelegate.m */,
				64B174A91B9489A9006E1BE6 /* ViewController.h */,
				64B174AA1B9489A9006E1BE6 /* ViewController.m */,
				64B174A21B9489A9006E1BE6 /* Supporting Files */,
			);
			path = CircularImageLoder;
			sourceTree = "<group>";
		};
		64B174A21B9489A9006E1BE6 /* Supporting Files */ = {
			isa = PBXGroup;
			children = (
				64B174AC1B9489A9006E1BE6 /* Main.storyboard */,
				64B174AF1B9489A9006E1BE6 /* Images.xcassets */,
				64B174B11B9489A9006E1BE6 /* LaunchScreen.xib */,
				64B174A31B9489A9006E1BE6 /* Info.plist */,
				64B174A41B9489A9006E1BE6 /* main.m */,
			);
			name = "Supporting Files";
			sourceTree = "<group>";
		};
		64B174BB1B9489A9006E1BE6 /* CircularImageLoderTests */ = {
			isa = PBXGroup;
			children = (
				64B174BE1B9489A9006E1BE6 /* CircularImageLoderTests.m */,
				64B174BC1B9489A9006E1BE6 /* Supporting Files */,
			);
			path = CircularImageLoderTests;
			sourceTree = "<group>";
		};
		64B174BC1B9489A9006E1BE6 /* Supporting Files */ = {
			isa = PBXGroup;
			children = (
				64B174BD1B9489A9006E1BE6 /* Info.plist */,
			);
			name = "Supporting Files";
			sourceTree = "<group>";
		};
		64B174D11B955D40006E1BE6 /* circleLoader */ = {
			isa = PBXGroup;
			children = (
				64B174CE1B949FB1006E1BE6 /* 001.png */,
				64B174C81B9489C4006E1BE6 /* CircularLoaderView.h */,
				64B174C91B9489C4006E1BE6 /* CircularLoaderView.m */,
				64B174CB1B94956D006E1BE6 /* CustomImageView.h */,
				64B174CC1B94956D006E1BE6 /* CustomImageView.m */,
			);
			name = circleLoader;
			sourceTree = "<group>";
		};
/* End PBXGroup section */

/* Begin PBXNativeTarget section */
		64B1749E1B9489A9006E1BE6 /* CircularImageLoder */ = {
			isa = PBXNativeTarget;
			buildConfigurationList = 64B174C21B9489A9006E1BE6 /* Build configuration list for PBXNativeTarget "CircularImageLoder" */;
			buildPhases = (
				64B1749B1B9489A9006E1BE6 /* Sources */,
				64B1749C1B9489A9006E1BE6 /* Frameworks */,
				64B1749D1B9489A9006E1BE6 /* Resources */,
			);
			buildRules = (
			);
			dependencies = (
			);
			name = CircularImageLoder;
			productName = CircularImageLoder;
			productReference = 64B1749F1B9489A9006E1BE6 /* CircularImageLoder.app */;
			productType = "com.apple.product-type.application";
		};
		64B174B71B9489A9006E1BE6 /* CircularImageLoderTests */ = {
			isa = PBXNativeTarget;
			buildConfigurationList = 64B174C51B9489A9006E1BE6 /* Build configuration list for PBXNativeTarget "CircularImageLoderTests" */;
			buildPhases = (
				64B174B41B9489A9006E1BE6 /* Sources */,
				64B174B51B9489A9006E1BE6 /* Frameworks */,
				64B174B61B9489A9006E1BE6 /* Resources */,
			);
			buildRules = (
			);
			dependencies = (
				64B174BA1B9489A9006E1BE6 /* PBXTargetDependency */,
			);
			name = CircularImageLoderTests;
			productName = CircularImageLoderTests;
			productReference = 64B174B81B9489A9006E1BE6 /* CircularImageLoderTests.xctest */;
			productType = "com.apple.product-type.bundle.unit-test";
		};
/* End PBXNativeTarget section */

/* Begin PBXProject section */
		64B174971B9489A9006E1BE6 /* Project object */ = {
			isa = PBXProject;
			attributes = {
				LastUpgradeCheck = 0630;
				ORGANIZATIONNAME = Yehao;
				TargetAttributes = {
					64B1749E1B9489A9006E1BE6 = {
						CreatedOnToolsVersion = 6.3.1;
					};
					64B174B71B9489A9006E1BE6 = {
						CreatedOnToolsVersion = 6.3.1;
						TestTargetID = 64B1749E1B9489A9006E1BE6;
					};
				};
			};
			buildConfigurationList = 64B1749A1B9489A9006E1BE6 /* Build configuration list for PBXProject "CircularImageLoder" */;
			compatibilityVersion = "Xcode 3.2";
			developmentRegion = English;
			hasScannedForEncodings = 0;
			knownRegions = (
				en,
				Base,
			);
			mainGroup = 64B174961B9489A9006E1BE6;
			productRefGroup = 64B174A01B9489A9006E1BE6 /* Products */;
			projectDirPath = "";
			projectRoot = "";
			targets = (
				64B1749E1B9489A9006E1BE6 /* CircularImageLoder */,
				64B174B71B9489A9006E1BE6 /* CircularImageLoderTests */,
			);
		};
/* End PBXProject section */

/* Begin PBXResourcesBuildPhase section */
		64B1749D1B9489A9006E1BE6 /* Resources */ = {
			isa = PBXResourcesBuildPhase;
			buildActionMask = 2147483647;
			files = (
				64B174AE1B9489A9006E1BE6 /* Main.storyboard in Resources */,
				64B174B31B9489A9006E1BE6 /* LaunchScreen.xib in Resources */,
				64B174B01B9489A9006E1BE6 /* Images.xcassets in Resources */,
				64B174CF1B949FB1006E1BE6 /* 001.png in Resources */,
			);
			runOnlyForDeploymentPostprocessing = 0;
		};
		64B174B61B9489A9006E1BE6 /* Resources */ = {
			isa = PBXResourcesBuildPhase;
			buildActionMask = 2147483647;
			files = (
			);
			runOnlyForDeploymentPostprocessing = 0;
		};
/* End PBXResourcesBuildPhase section */

/* Begin PBXSourcesBuildPhase section */
		64B1749B1B9489A9006E1BE6 /* Sources */ = {
			isa = PBXSourcesBuildPhase;
			buildActionMask = 2147483647;
			files = (
				64B174CD1B94956D006E1BE6 /* CustomImageView.m in Sources */,
				64B174AB1B9489A9006E1BE6 /* ViewController.m in Sources */,
				64B174A81B9489A9006E1BE6 /* AppDelegate.m in Sources */,
				64B174CA1B9489C4006E1BE6 /* CircularLoaderView.m in Sources */,
				64B174A51B9489A9006E1BE6 /* main.m in Sources */,
			);
			runOnlyForDeploymentPostprocessing = 0;
		};
		64B174B41B9489A9006E1BE6 /* Sources */ = {
			isa = PBXSourcesBuildPhase;
			buildActionMask = 2147483647;
			files = (
				64B174D01B954E6A006E1BE6 /* CircularLoaderView.m in Sources */,
				64B174BF1B9489A9006E1BE6 /* CircularImageLoderTests.m in Sources */,
			);
			runOnlyForDeploymentPostprocessing = 0;
		};
/* End PBXSourcesBuildPhase section */

/* Begin PBXTargetDependency section */
		64B174BA1B9489A9006E1BE6 /* PBXTargetDependency */ = {
			isa = PBXTargetDependency;
			target = 64B1749E1B9489A9006E1BE6 /* CircularImageLoder */;
			targetProxy = 64B174B91B9489A9006E1BE6 /* PBXContainerItemProxy */;
		};
/* End PBXTargetDependency section */

/* Begin PBXVariantGroup section */
		64B174AC1B9489A9006E1BE6 /* Main.storyboard */ = {
			isa = PBXVariantGroup;
			children = (
				64B174AD1B9489A9006E1BE6 /* Base */,
			);
			name = Main.storyboard;
			sourceTree = "<group>";
		};
		64B174B11B9489A9006E1BE6 /* LaunchScreen.xib */ = {
			isa = PBXVariantGroup;
			children = (
				64B174B21B9489A9006E1BE6 /* Base */,
			);
			name = LaunchScreen.xib;
			sourceTree = "<group>";
		};
/* End PBXVariantGroup section */

/* Begin XCBuildConfiguration section */
		64B174C01B9489A9006E1BE6 /* Debug */ = {
			isa = XCBuildConfiguration;
			buildSettings = {
				ALWAYS_SEARCH_USER_PATHS = NO;
				CLANG_CXX_LANGUAGE_STANDARD = "gnu++0x";
				CLANG_CXX_LIBRARY = "libc++";
				CLANG_ENABLE_MODULES = YES;
				CLANG_ENABLE_OBJC_ARC = YES;
				CLANG_WARN_BOOL_CONVERSION = YES;
				CLANG_WARN_CONSTANT_CONVERSION = YES;
				CLANG_WARN_DIRECT_OBJC_ISA_USAGE = YES_ERROR;
				CLANG_WARN_EMPTY_BODY = YES;
				CLANG_WARN_ENUM_CONVERSION = YES;
				CLANG_WARN_INT_CONVERSION = YES;
				CLANG_WARN_OBJC_ROOT_CLASS = YES_ERROR;
				CLANG_WARN_UNREACHABLE_CODE = YES;
				CLANG_WARN__DUPLICATE_METHOD_MATCH = YES;
				"CODE_SIGN_IDENTITY[sdk=iphoneos*]" = "iPhone Developer";
				COPY_PHASE_STRIP = NO;
				DEBUG_INFORMATION_FORMAT = "dwarf-with-dsym";
				ENABLE_STRICT_OBJC_MSGSEND = YES;
				GCC_C_LANGUAGE_STANDARD = gnu99;
				GCC_DYNAMIC_NO_PIC = NO;
				GCC_NO_COMMON_BLOCKS = YES;
				GCC_OPTIMIZATION_LEVEL = 0;
				GCC_PREPROCESSOR_DEFINITIONS = (
					"DEBUG=1",
					"$(inherited)",
				);
				GCC_SYMBOLS_PRIVATE_EXTERN = NO;
				GCC_WARN_64_TO_32_BIT_CONVERSION = YES;
				GCC_WARN_ABOUT_RETURN_TYPE = YES_ERROR;
				GCC_WARN_UNDECLARED_SELECTOR = YES;
				GCC_WARN_UNINITIALIZED_AUTOS = YES_AGGRESSIVE;
				GCC_WARN_UNUSED_FUNCTION = YES;
				GCC_WARN_UNUSED_VARIABLE = YES;
				IPHONEOS_DEPLOYMENT_TARGET = 8.3;
				MTL_ENABLE_DEBUG_INFO = YES;
				ONLY_ACTIVE_ARCH = YES;
				SDKROOT = iphoneos;
			};
			name = Debug;
		};
		64B174C11B9489A9006E1BE6 /* Release */ = {
			isa = XCBuildConfiguration;
			buildSettings = {
				ALWAYS_SEARCH_USER_PATHS = NO;
				CLANG_CXX_LANGUAGE_STANDARD = "gnu++0x";
				CLANG_CXX_LIBRARY = "libc++";
				CLANG_ENABLE_MODULES = YES;
				CLANG_ENABLE_OBJC_ARC = YES;
				CLANG_WARN_BOOL_CONVERSION = YES;
				CLANG_WARN_CONSTANT_CONVERSION = YES;
				CLANG_WARN_DIRECT_OBJC_ISA_USAGE = YES_ERROR;
				CLANG_WARN_EMPTY_BODY = YES;
				CLANG_WARN_ENUM_CONVERSION = YES;
				CLANG_WARN_INT_CONVERSION = YES;
				CLANG_WARN_OBJC_ROOT_CLASS = YES_ERROR;
				CLANG_WARN_UNREACHABLE_CODE = YES;
				CLANG_WARN__DUPLICATE_METHOD_MATCH = YES;
				"CODE_SIGN_IDENTITY[sdk=iphoneos*]" = "iPhone Developer";
				COPY_PHASE_STRIP = NO;
				DEBUG_INFORMATION_FORMAT = "dwarf-with-dsym";
				ENABLE_NS_ASSERTIONS = NO;
				ENABLE_STRICT_OBJC_MSGSEND = YES;
				GCC_C_LANGUAGE_STANDARD = gnu99;
				GCC_NO_COMMON_BLOCKS = YES;
				GCC_WARN_64_TO_32_BIT_CONVERSION = YES;
				GCC_WARN_ABOUT_RETURN_TYPE = YES_ERROR;
				GCC_WARN_UNDECLARED_SELECTOR = YES;
				GCC_WARN_UNINITIALIZED_AUTOS = YES_AGGRESSIVE;
				GCC_WARN_UNUSED_FUNCTION = YES;
				GCC_WARN_UNUSED_VARIABLE = YES;
				IPHONEOS_DEPLOYMENT_TARGET = 8.3;
				MTL_ENABLE_DEBUG_INFO = NO;
				SDKROOT = iphoneos;
				VALIDATE_PRODUCT = YES;
			};
			name = Release;
		};
		64B174C31B9489A9006E1BE6 /* Debug */ = {
			isa = XCBuildConfiguration;
			buildSettings = {
				ASSETCATALOG_COMPILER_APPICON_NAME = AppIcon;
				INFOPLIST_FILE = CircularImageLoder/Info.plist;
				LD_RUNPATH_SEARCH_PATHS = "$(inherited) @executable_path/Frameworks";
				PRODUCT_NAME = "$(TARGET_NAME)";
			};
			name = Debug;
		};
		64B174C41B9489A9006E1BE6 /* Release */ = {
			isa = XCBuildConfiguration;
			buildSettings = {
				ASSETCATALOG_COMPILER_APPICON_NAME = AppIcon;
				INFOPLIST_FILE = CircularImageLoder/Info.plist;
				LD_RUNPATH_SEARCH_PATHS = "$(inherited) @executable_path/Frameworks";
				PRODUCT_NAME = "$(TARGET_NAME)";
			};
			name = Release;
		};
		64B174C61B9489A9006E1BE6 /* Debug */ = {
			isa = XCBuildConfiguration;
			buildSettings = {
				BUNDLE_LOADER = "$(TEST_HOST)";
				FRAMEWORK_SEARCH_PATHS = (
					"$(SDKROOT)/Developer/Library/Frameworks",
					"$(inherited)",
				);
				GCC_PREPROCESSOR_DEFINITIONS = (
					"DEBUG=1",
					"$(inherited)",
				);
				INFOPLIST_FILE = CircularImageLoderTests/Info.plist;
				LD_RUNPATH_SEARCH_PATHS = "$(inherited) @executable_path/Frameworks @loader_path/Frameworks";
				PRODUCT_NAME = "$(TARGET_NAME)";
				TEST_HOST = "$(BUILT_PRODUCTS_DIR)/CircularImageLoder.app/CircularImageLoder";
			};
			name = Debug;
		};
		64B174C71B9489A9006E1BE6 /* Release */ = {
			isa = XCBuildConfiguration;
			buildSettings = {
				BUNDLE_LOADER = "$(TEST_HOST)";
				FRAMEWORK_SEARCH_PATHS = (
					"$(SDKROOT)/Developer/Library/Frameworks",
					"$(inherited)",
				);
				INFOPLIST_FILE = CircularImageLoderTests/Info.plist;
				LD_RUNPATH_SEARCH_PATHS = "$(inherited) @executable_path/Frameworks @loader_path/Frameworks";
				PRODUCT_NAME = "$(TARGET_NAME)";
				TEST_HOST = "$(BUILT_PRODUCTS_DIR)/CircularImageLoder.app/CircularImageLoder";
			};
			name = Release;
		};
/* End XCBuildConfiguration section */

/* Begin XCConfigurationList section */
		64B1749A1B9489A9006E1BE6 /* Build configuration list for PBXProject "CircularImageLoder" */ = {
			isa = XCConfigurationList;
			buildConfigurations = (
				64B174C01B9489A9006E1BE6 /* Debug */,
				64B174C11B9489A9006E1BE6 /* Release */,
			);
			defaultConfigurationIsVisible = 0;
			defaultConfigurationName = Release;
		};
		64B174C21B9489A9006E1BE6 /* Build configuration list for PBXNativeTarget "CircularImageLoder" */ = {
			isa = XCConfigurationList;
			buildConfigurations = (
				64B174C31B9489A9006E1BE6 /* Debug */,
				64B174C41B9489A9006E1BE6 /* Release */,
			);
			defaultConfigurationIsVisible = 0;
		};
		64B174C51B9489A9006E1BE6 /* Build configuration list for PBXNativeTarget "CircularImageLoderTests" */ = {
			isa = XCConfigurationList;
			buildConfigurations = (
				64B174C61B9489A9006E1BE6 /* Debug */,
				64B174C71B9489A9006E1BE6 /* Release */,
			);
			defaultConfigurationIsVisible = 0;
		};
/* End XCConfigurationList section */
	};
	rootObject = 64B174971B9489A9006E1BE6 /* Project object */;
}
